// !$*UTF8*$!
{
	archiveVersion = 1;
	classes = {
	};
	objectVersion = 50;
	objects = {

/* Begin PBXBuildFile section */
		F2E9DB9C23151DD7008F18DF /* AppDelegate.swift in Sources */ = {isa = PBXBuildFile; fileRef = F2E9DB9B23151DD7008F18DF /* AppDelegate.swift */; };
		F2E9DBA223151DD7008F18DF /* GameScene.swift in Sources */ = {isa = PBXBuildFile; fileRef = F2E9DBA123151DD7008F18DF /* GameScene.swift */; };
		F2E9DBA423151DD7008F18DF /* GameViewController.swift in Sources */ = {isa = PBXBuildFile; fileRef = F2E9DBA323151DD7008F18DF /* GameViewController.swift */; };
		F2E9DBA723151DD8008F18DF /* Main.storyboard in Resources */ = {isa = PBXBuildFile; fileRef = F2E9DBA523151DD8008F18DF /* Main.storyboard */; };
		F2E9DBA923151DDB008F18DF /* Assets.xcassets in Resources */ = {isa = PBXBuildFile; fileRef = F2E9DBA823151DDB008F18DF /* Assets.xcassets */; };
		F2E9DBAC23151DDB008F18DF /* LaunchScreen.storyboard in Resources */ = {isa = PBXBuildFile; fileRef = F2E9DBAA23151DDB008F18DF /* LaunchScreen.storyboard */; };
		F2E9DBB523152340008F18DF /* Array2D.swift in Sources */ = {isa = PBXBuildFile; fileRef = F2E9DBB423152340008F18DF /* Array2D.swift */; };
		F2E9DBB723152903008F18DF /* Block.swift in Sources */ = {isa = PBXBuildFile; fileRef = F2E9DBB623152903008F18DF /* Block.swift */; };
		F2E9DBBF23152DC4008F18DF /* drop.mp3 in Resources */ = {isa = PBXBuildFile; fileRef = F2E9DBBA23152DC3008F18DF /* drop.mp3 */; };
		F2E9DBC023152DC4008F18DF /* levelup.mp3 in Resources */ = {isa = PBXBuildFile; fileRef = F2E9DBBB23152DC3008F18DF /* levelup.mp3 */; };
		F2E9DBC123152DC4008F18DF /* gameover.mp3 in Resources */ = {isa = PBXBuildFile; fileRef = F2E9DBBC23152DC3008F18DF /* gameover.mp3 */; };
		F2E9DBC223152DC4008F18DF /* theme.mp3 in Resources */ = {isa = PBXBuildFile; fileRef = F2E9DBBD23152DC3008F18DF /* theme.mp3 */; };
		F2E9DBC323152DC4008F18DF /* bomb.mp3 in Resources */ = {isa = PBXBuildFile; fileRef = F2E9DBBE23152DC3008F18DF /* bomb.mp3 */; };
		F2E9DBC523152DE9008F18DF /* Sprites.atlas in Resources */ = {isa = PBXBuildFile; fileRef = F2E9DBC423152DE9008F18DF /* Sprites.atlas */; };
		F2E9DBCC23152E42008F18DF /* whitebg.png in Resources */ = {isa = PBXBuildFile; fileRef = F2E9DBC623152E41008F18DF /* whitebg.png */; };
		F2E9DBCD23152E42008F18DF /* whitebg@2x.png in Resources */ = {isa = PBXBuildFile; fileRef = F2E9DBC723152E41008F18DF /* whitebg@2x.png */; };
		F2E9DBCE23152E42008F18DF /* gameboard.png in Resources */ = {isa = PBXBuildFile; fileRef = F2E9DBC823152E41008F18DF /* gameboard.png */; };
		F2E9DBCF23152E42008F18DF /* background.png in Resources */ = {isa = PBXBuildFile; fileRef = F2E9DBC923152E41008F18DF /* background.png */; };
		F2E9DBD023152E42008F18DF /* background@2x.png in Resources */ = {isa = PBXBuildFile; fileRef = F2E9DBCA23152E42008F18DF /* background@2x.png */; };
		F2E9DBD123152E42008F18DF /* gameboard@2x.png in Resources */ = {isa = PBXBuildFile; fileRef = F2E9DBCB23152E42008F18DF /* gameboard@2x.png */; };
		F2E9DBD3231648FD008F18DF /* Shape.swift in Sources */ = {isa = PBXBuildFile; fileRef = F2E9DBD2231648FD008F18DF /* Shape.swift */; };
		F2E9DBD523165763008F18DF /* SquareShape.swift in Sources */ = {isa = PBXBuildFile; fileRef = F2E9DBD423165763008F18DF /* SquareShape.swift */; };
		F2E9DBD8231659D3008F18DF /* TShape.swift in Sources */ = {isa = PBXBuildFile; fileRef = F2E9DBD7231659D3008F18DF /* TShape.swift */; };
		F2E9DBDA23165C8D008F18DF /* LineShape.swift in Sources */ = {isa = PBXBuildFile; fileRef = F2E9DBD923165C8D008F18DF /* LineShape.swift */; };
		F2E9DBDC23165D00008F18DF /* LShape.swift in Sources */ = {isa = PBXBuildFile; fileRef = F2E9DBDB23165D00008F18DF /* LShape.swift */; };
		F2E9DBDE23165D37008F18DF /* JShape.swift in Sources */ = {isa = PBXBuildFile; fileRef = F2E9DBDD23165D37008F18DF /* JShape.swift */; };
		F2E9DBE023165D68008F18DF /* SShape.swift in Sources */ = {isa = PBXBuildFile; fileRef = F2E9DBDF23165D68008F18DF /* SShape.swift */; };
		F2E9DBE223165D8B008F18DF /* ZShape.swift in Sources */ = {isa = PBXBuildFile; fileRef = F2E9DBE123165D8B008F18DF /* ZShape.swift */; };
		F2E9DBE423166409008F18DF /* Tetris.swift in Sources */ = {isa = PBXBuildFile; fileRef = F2E9DBE323166409008F18DF /* Tetris.swift */; };
/* End PBXBuildFile section */

/* Begin PBXFileReference section */
		F2E9DB9823151DD7008F18DF /* Tetris.app */ = {isa = PBXFileReference; explicitFileType = wrapper.application; includeInIndex = 0; path = Tetris.app; sourceTree = BUILT_PRODUCTS_DIR; };
		F2E9DB9B23151DD7008F18DF /* AppDelegate.swift */ = {isa = PBXFileReference; lastKnownFileType = sourcecode.swift; path = AppDelegate.swift; sourceTree = "<group>"; };
		F2E9DBA123151DD7008F18DF /* GameScene.swift */ = {isa = PBXFileReference; lastKnownFileType = sourcecode.swift; path = GameScene.swift; sourceTree = "<group>"; };
		F2E9DBA323151DD7008F18DF /* GameViewController.swift */ = {isa = PBXFileReference; lastKnownFileType = sourcecode.swift; path = GameViewController.swift; sourceTree = "<group>"; };
		F2E9DBA623151DD8008F18DF /* Base */ = {isa = PBXFileReference; lastKnownFileType = file.storyboard; name = Base; path = Base.lproj/Main.storyboard; sourceTree = "<group>"; };
		F2E9DBA823151DDB008F18DF /* Assets.xcassets */ = {isa = PBXFileReference; lastKnownFileType = folder.assetcatalog; path = Assets.xcassets; sourceTree = "<group>"; };
		F2E9DBAB23151DDB008F18DF /* Base */ = {isa = PBXFileReference; lastKnownFileType = file.storyboard; name = Base; path = Base.lproj/LaunchScreen.storyboard; sourceTree = "<group>"; };
		F2E9DBAD23151DDB008F18DF /* Info.plist */ = {isa = PBXFileReference; lastKnownFileType = text.plist.xml; path = Info.plist; sourceTree = "<group>"; };
		F2E9DBB423152340008F18DF /* Array2D.swift */ = {isa = PBXFileReference; lastKnownFileType = sourcecode.swift; path = Array2D.swift; sourceTree = "<group>"; };
		F2E9DBB623152903008F18DF /* Block.swift */ = {isa = PBXFileReference; lastKnownFileType = sourcecode.swift; path = Block.swift; sourceTree = "<group>"; };
		F2E9DBBA23152DC3008F18DF /* drop.mp3 */ = {isa = PBXFileReference; lastKnownFileType = audio.mp3; path = drop.mp3; sourceTree = "<group>"; };
		F2E9DBBB23152DC3008F18DF /* levelup.mp3 */ = {isa = PBXFileReference; lastKnownFileType = audio.mp3; path = levelup.mp3; sourceTree = "<group>"; };
		F2E9DBBC23152DC3008F18DF /* gameover.mp3 */ = {isa = PBXFileReference; lastKnownFileType = audio.mp3; path = gameover.mp3; sourceTree = "<group>"; };
		F2E9DBBD23152DC3008F18DF /* theme.mp3 */ = {isa = PBXFileReference; lastKnownFileType = audio.mp3; path = theme.mp3; sourceTree = "<group>"; };
		F2E9DBBE23152DC3008F18DF /* bomb.mp3 */ = {isa = PBXFileReference; lastKnownFileType = audio.mp3; path = bomb.mp3; sourceTree = "<group>"; };
		F2E9DBC423152DE9008F18DF /* Sprites.atlas */ = {isa = PBXFileReference; lastKnownFileType = folder.skatlas; path = Sprites.atlas; sourceTree = "<group>"; };
		F2E9DBC623152E41008F18DF /* whitebg.png */ = {isa = PBXFileReference; lastKnownFileType = image.png; path = whitebg.png; sourceTree = "<group>"; };
		F2E9DBC723152E41008F18DF /* whitebg@2x.png */ = {isa = PBXFileReference; lastKnownFileType = image.png; path = "whitebg@2x.png"; sourceTree = "<group>"; };
		F2E9DBC823152E41008F18DF /* gameboard.png */ = {isa = PBXFileReference; lastKnownFileType = image.png; path = gameboard.png; sourceTree = "<group>"; };
		F2E9DBC923152E41008F18DF /* background.png */ = {isa = PBXFileReference; lastKnownFileType = image.png; path = background.png; sourceTree = "<group>"; };
		F2E9DBCA23152E42008F18DF /* background@2x.png */ = {isa = PBXFileReference; lastKnownFileType = image.png; path = "background@2x.png"; sourceTree = "<group>"; };
		F2E9DBCB23152E42008F18DF /* gameboard@2x.png */ = {isa = PBXFileReference; lastKnownFileType = image.png; path = "gameboard@2x.png"; sourceTree = "<group>"; };
		F2E9DBD2231648FD008F18DF /* Shape.swift */ = {isa = PBXFileReference; lastKnownFileType = sourcecode.swift; path = Shape.swift; sourceTree = "<group>"; };
		F2E9DBD423165763008F18DF /* SquareShape.swift */ = {isa = PBXFileReference; lastKnownFileType = sourcecode.swift; path = SquareShape.swift; sourceTree = "<group>"; };
		F2E9DBD7231659D3008F18DF /* TShape.swift */ = {isa = PBXFileReference; lastKnownFileType = sourcecode.swift; path = TShape.swift; sourceTree = "<group>"; };
		F2E9DBD923165C8D008F18DF /* LineShape.swift */ = {isa = PBXFileReference; lastKnownFileType = sourcecode.swift; path = LineShape.swift; sourceTree = "<group>"; };
		F2E9DBDB23165D00008F18DF /* LShape.swift */ = {isa = PBXFileReference; lastKnownFileType = sourcecode.swift; path = LShape.swift; sourceTree = "<group>"; };
		F2E9DBDD23165D37008F18DF /* JShape.swift */ = {isa = PBXFileReference; lastKnownFileType = sourcecode.swift; path = JShape.swift; sourceTree = "<group>"; };
		F2E9DBDF23165D68008F18DF /* SShape.swift */ = {isa = PBXFileReference; lastKnownFileType = sourcecode.swift; path = SShape.swift; sourceTree = "<group>"; };
		F2E9DBE123165D8B008F18DF /* ZShape.swift */ = {isa = PBXFileReference; lastKnownFileType = sourcecode.swift; path = ZShape.swift; sourceTree = "<group>"; };
		F2E9DBE323166409008F18DF /* Tetris.swift */ = {isa = PBXFileReference; lastKnownFileType = sourcecode.swift; path = Tetris.swift; sourceTree = "<group>"; };
/* End PBXFileReference section */

/* Begin PBXFrameworksBuildPhase section */
		F2E9DB9523151DD7008F18DF /* Frameworks */ = {
			isa = PBXFrameworksBuildPhase;
			buildActionMask = 2147483647;
			files = (
			);
			runOnlyForDeploymentPostprocessing = 0;
		};
/* End PBXFrameworksBuildPhase section */

/* Begin PBXGroup section */
		F2E9DB8F23151DD7008F18DF = {
			isa = PBXGroup;
			children = (
				F2E9DB9A23151DD7008F18DF /* Tetris */,
				F2E9DB9923151DD7008F18DF /* Products */,
			);
			sourceTree = "<group>";
		};
		F2E9DB9923151DD7008F18DF /* Products */ = {
			isa = PBXGroup;
			children = (
				F2E9DB9823151DD7008F18DF /* Tetris.app */,
			);
			name = Products;
			sourceTree = "<group>";
		};
		F2E9DB9A23151DD7008F18DF /* Tetris */ = {
			isa = PBXGroup;
			children = (
				F2E9DBD6231659B1008F18DF /* Shapes */,
				F2E9DBB823152D72008F18DF /* Supporting Files */,
				F2E9DBB323152318008F18DF /* System */,
				F2E9DB9B23151DD7008F18DF /* AppDelegate.swift */,
				F2E9DBA123151DD7008F18DF /* GameScene.swift */,
				F2E9DBA323151DD7008F18DF /* GameViewController.swift */,
				F2E9DBA523151DD8008F18DF /* Main.storyboard */,
				F2E9DBA823151DDB008F18DF /* Assets.xcassets */,
				F2E9DBAA23151DDB008F18DF /* LaunchScreen.storyboard */,
				F2E9DBAD23151DDB008F18DF /* Info.plist */,
			);
			path = Tetris;
			sourceTree = "<group>";
		};
		F2E9DBB323152318008F18DF /* System */ = {
			isa = PBXGroup;
			children = (
				F2E9DBB423152340008F18DF /* Array2D.swift */,
				F2E9DBB623152903008F18DF /* Block.swift */,
				F2E9DBD2231648FD008F18DF /* Shape.swift */,
				F2E9DBE323166409008F18DF /* Tetris.swift */,
			);
			path = System;
			sourceTree = "<group>";
		};
		F2E9DBB823152D72008F18DF /* Supporting Files */ = {
			isa = PBXGroup;
			children = (
				F2E9DBC923152E41008F18DF /* background.png */,
				F2E9DBCA23152E42008F18DF /* background@2x.png */,
				F2E9DBC823152E41008F18DF /* gameboard.png */,
				F2E9DBCB23152E42008F18DF /* gameboard@2x.png */,
				F2E9DBC623152E41008F18DF /* whitebg.png */,
				F2E9DBC723152E41008F18DF /* whitebg@2x.png */,
				F2E9DBC423152DE9008F18DF /* Sprites.atlas */,
				F2E9DBB923152DC3008F18DF /* Sounds */,
			);
			path = "Supporting Files";
			sourceTree = "<group>";
		};
		F2E9DBB923152DC3008F18DF /* Sounds */ = {
			isa = PBXGroup;
			children = (
				F2E9DBBA23152DC3008F18DF /* drop.mp3 */,
				F2E9DBBB23152DC3008F18DF /* levelup.mp3 */,
				F2E9DBBC23152DC3008F18DF /* gameover.mp3 */,
				F2E9DBBD23152DC3008F18DF /* theme.mp3 */,
				F2E9DBBE23152DC3008F18DF /* bomb.mp3 */,
			);
			path = Sounds;
			sourceTree = "<group>";
		};
		F2E9DBD6231659B1008F18DF /* Shapes */ = {
			isa = PBXGroup;
			children = (
				F2E9DBD423165763008F18DF /* SquareShape.swift */,
				F2E9DBD7231659D3008F18DF /* TShape.swift */,
				F2E9DBD923165C8D008F18DF /* LineShape.swift */,
				F2E9DBDB23165D00008F18DF /* LShape.swift */,
				F2E9DBDD23165D37008F18DF /* JShape.swift */,
				F2E9DBDF23165D68008F18DF /* SShape.swift */,
				F2E9DBE123165D8B008F18DF /* ZShape.swift */,
			);
			path = Shapes;
			sourceTree = "<group>";
		};
/* End PBXGroup section */

/* Begin PBXNativeTarget section */
		F2E9DB9723151DD7008F18DF /* Tetris */ = {
			isa = PBXNativeTarget;
			buildConfigurationList = F2E9DBB023151DDB008F18DF /* Build configuration list for PBXNativeTarget "Tetris" */;
			buildPhases = (
				F2E9DB9423151DD7008F18DF /* Sources */,
				F2E9DB9523151DD7008F18DF /* Frameworks */,
				F2E9DB9623151DD7008F18DF /* Resources */,
			);
			buildRules = (
			);
			dependencies = (
			);
			name = Tetris;
			productName = Tetris;
			productReference = F2E9DB9823151DD7008F18DF /* Tetris.app */;
			productType = "com.apple.product-type.application";
		};
/* End PBXNativeTarget section */

/* Begin PBXProject section */
		F2E9DB9023151DD7008F18DF /* Project object */ = {
			isa = PBXProject;
			attributes = {
				LastSwiftUpdateCheck = 1030;
				LastUpgradeCheck = 1030;
				ORGANIZATIONNAME = Lindelin;
				TargetAttributes = {
					F2E9DB9723151DD7008F18DF = {
						CreatedOnToolsVersion = 10.3;
					};
				};
			};
			buildConfigurationList = F2E9DB9323151DD7008F18DF /* Build configuration list for PBXProject "Tetris" */;
			compatibilityVersion = "Xcode 9.3";
			developmentRegion = en;
			hasScannedForEncodings = 0;
			knownRegions = (
				en,
				Base,
			);
			mainGroup = F2E9DB8F23151DD7008F18DF;
			productRefGroup = F2E9DB9923151DD7008F18DF /* Products */;
			projectDirPath = "";
			projectRoot = "";
			targets = (
				F2E9DB9723151DD7008F18DF /* Tetris */,
			);
		};
/* End PBXProject section */

/* Begin PBXResourcesBuildPhase section */
		F2E9DB9623151DD7008F18DF /* Resources */ = {
			isa = PBXResourcesBuildPhase;
			buildActionMask = 2147483647;
			files = (
				F2E9DBA723151DD8008F18DF /* Main.storyboard in Resources */,
				F2E9DBA923151DDB008F18DF /* Assets.xcassets in Resources */,
				F2E9DBCF23152E42008F18DF /* background.png in Resources */,
				F2E9DBD123152E42008F18DF /* gameboard@2x.png in Resources */,
				F2E9DBCE23152E42008F18DF /* gameboard.png in Resources */,
				F2E9DBC123152DC4008F18DF /* gameover.mp3 in Resources */,
				F2E9DBC023152DC4008F18DF /* levelup.mp3 in Resources */,
				F2E9DBAC23151DDB008F18DF /* LaunchScreen.storyboard in Resources */,
				F2E9DBC223152DC4008F18DF /* theme.mp3 in Resources */,
				F2E9DBC523152DE9008F18DF /* Sprites.atlas in Resources */,
				F2E9DBC323152DC4008F18DF /* bomb.mp3 in Resources */,
				F2E9DBD023152E42008F18DF /* background@2x.png in Resources */,
				F2E9DBCC23152E42008F18DF /* whitebg.png in Resources */,
				F2E9DBCD23152E42008F18DF /* whitebg@2x.png in Resources */,
				F2E9DBBF23152DC4008F18DF /* drop.mp3 in Resources */,
			);
			runOnlyForDeploymentPostprocessing = 0;
		};
/* End PBXResourcesBuildPhase section */

/* Begin PBXSourcesBuildPhase section */
		F2E9DB9423151DD7008F18DF /* Sources */ = {
			isa = PBXSourcesBuildPhase;
			buildActionMask = 2147483647;
			files = (
				F2E9DBDC23165D00008F18DF /* LShape.swift in Sources */,
				F2E9DBD523165763008F18DF /* SquareShape.swift in Sources */,
				F2E9DBE423166409008F18DF /* Tetris.swift in Sources */,
				F2E9DBA223151DD7008F18DF /* GameScene.swift in Sources */,
				F2E9DBDE23165D37008F18DF /* JShape.swift in Sources */,
				F2E9DBD3231648FD008F18DF /* Shape.swift in Sources */,
				F2E9DBB523152340008F18DF /* Array2D.swift in Sources */,
				F2E9DBDA23165C8D008F18DF /* LineShape.swift in Sources */,
				F2E9DBE023165D68008F18DF /* SShape.swift in Sources */,
				F2E9DBD8231659D3008F18DF /* TShape.swift in Sources */,
				F2E9DBB723152903008F18DF /* Block.swift in Sources */,
				F2E9DBA423151DD7008F18DF /* GameViewController.swift in Sources */,
				F2E9DBE223165D8B008F18DF /* ZShape.swift in Sources */,
				F2E9DB9C23151DD7008F18DF /* AppDelegate.swift in Sources */,
			);
			runOnlyForDeploymentPostprocessing = 0;
		};
/* End PBXSourcesBuildPhase section */

/* Begin PBXVariantGroup section */
		F2E9DBA523151DD8008F18DF /* Main.storyboard */ = {
			isa = PBXVariantGroup;
			children = (
				F2E9DBA623151DD8008F18DF /* Base */,
			);
			name = Main.storyboard;
			sourceTree = "<group>";
		};
		F2E9DBAA23151DDB008F18DF /* LaunchScreen.storyboard */ = {
			isa = PBXVariantGroup;
			children = (
				F2E9DBAB23151DDB008F18DF /* Base */,
			);
			name = LaunchScreen.storyboard;
			sourceTree = "<group>";
		};
/* End PBXVariantGroup section */

/* Begin XCBuildConfiguration section */
		F2E9DBAE23151DDB008F18DF /* Debug */ = {
			isa = XCBuildConfiguration;
			buildSettings = {
				ALWAYS_SEARCH_USER_PATHS = NO;
				CLANG_ANALYZER_NONNULL = YES;
				CLANG_ANALYZER_NUMBER_OBJECT_CONVERSION = YES_AGGRESSIVE;
				CLANG_CXX_LANGUAGE_STANDARD = "gnu++14";
				CLANG_CXX_LIBRARY = "libc++";
				CLANG_ENABLE_MODULES = YES;
				CLANG_ENABLE_OBJC_ARC = YES;
				CLANG_ENABLE_OBJC_WEAK = YES;
				CLANG_WARN_BLOCK_CAPTURE_AUTORELEASING = YES;
				CLANG_WARN_BOOL_CONVERSION = YES;
				CLANG_WARN_COMMA = YES;
				CLANG_WARN_CONSTANT_CONVERSION = YES;
				CLANG_WARN_DEPRECATED_OBJC_IMPLEMENTATIONS = YES;
				CLANG_WARN_DIRECT_OBJC_ISA_USAGE = YES_ERROR;
				CLANG_WARN_DOCUMENTATION_COMMENTS = YES;
				CLANG_WARN_EMPTY_BODY = YES;
				CLANG_WARN_ENUM_CONVERSION = YES;
				CLANG_WARN_INFINITE_RECURSION = YES;
				CLANG_WARN_INT_CONVERSION = YES;
				CLANG_WARN_NON_LITERAL_NULL_CONVERSION = YES;
				CLANG_WARN_OBJC_IMPLICIT_RETAIN_SELF = YES;
				CLANG_WARN_OBJC_LITERAL_CONVERSION = YES;
				CLANG_WARN_OBJC_ROOT_CLASS = YES_ERROR;
				CLANG_WARN_RANGE_LOOP_ANALYSIS = YES;
				CLANG_WARN_STRICT_PROTOTYPES = YES;
				CLANG_WARN_SUSPICIOUS_MOVE = YES;
				CLANG_WARN_UNGUARDED_AVAILABILITY = YES_AGGRESSIVE;
				CLANG_WARN_UNREACHABLE_CODE = YES;
				CLANG_WARN__DUPLICATE_METHOD_MATCH = YES;
				CODE_SIGN_IDENTITY = "iPhone Developer";
				COPY_PHASE_STRIP = NO;
				DEBUG_INFORMATION_FORMAT = dwarf;
				ENABLE_STRICT_OBJC_MSGSEND = YES;
				ENABLE_TESTABILITY = YES;
				GCC_C_LANGUAGE_STANDARD = gnu11;
				GCC_DYNAMIC_NO_PIC = NO;
				GCC_NO_COMMON_BLOCKS = YES;
				GCC_OPTIMIZATION_LEVEL = 0;
				GCC_PREPROCESSOR_DEFINITIONS = (
					"DEBUG=1",
					"$(inherited)",
				);
				GCC_WARN_64_TO_32_BIT_CONVERSION = YES;
				GCC_WARN_ABOUT_RETURN_TYPE = YES_ERROR;
				GCC_WARN_UNDECLARED_SELECTOR = YES;
				GCC_WARN_UNINITIALIZED_AUTOS = YES_AGGRESSIVE;
				GCC_WARN_UNUSED_FUNCTION = YES;
				GCC_WARN_UNUSED_VARIABLE = YES;
				IPHONEOS_DEPLOYMENT_TARGET = 12.4;
				MTL_ENABLE_DEBUG_INFO = INCLUDE_SOURCE;
				MTL_FAST_MATH = YES;
				ONLY_ACTIVE_ARCH = YES;
				SDKROOT = iphoneos;
				SWIFT_ACTIVE_COMPILATION_CONDITIONS = DEBUG;
				SWIFT_OPTIMIZATION_LEVEL = "-Onone";
			};
			name = Debug;
		};
		F2E9DBAF23151DDB008F18DF /* Release */ = {
			isa = XCBuildConfiguration;
			buildSettings = {
				ALWAYS_SEARCH_USER_PATHS = NO;
				CLANG_ANALYZER_NONNULL = YES;
				CLANG_ANALYZER_NUMBER_OBJECT_CONVERSION = YES_AGGRESSIVE;
				CLANG_CXX_LANGUAGE_STANDARD = "gnu++14";
				CLANG_CXX_LIBRARY = "libc++";
				CLANG_ENABLE_MODULES = YES;
				CLANG_ENABLE_OBJC_ARC = YES;
				CLANG_ENABLE_OBJC_WEAK = YES;
				CLANG_WARN_BLOCK_CAPTURE_AUTORELEASING = YES;
				CLANG_WARN_BOOL_CONVERSION = YES;
				CLANG_WARN_COMMA = YES;
				CLANG_WARN_CONSTANT_CONVERSION = YES;
				CLANG_WARN_DEPRECATED_OBJC_IMPLEMENTATIONS = YES;
				CLANG_WARN_DIRECT_OBJC_ISA_USAGE = YES_ERROR;
				CLANG_WARN_DOCUMENTATION_COMMENTS = YES;
				CLANG_WARN_EMPTY_BODY = YES;
				CLANG_WARN_ENUM_CONVERSION = YES;
				CLANG_WARN_INFINITE_RECURSION = YES;
				CLANG_WARN_INT_CONVERSION = YES;
				CLANG_WARN_NON_LITERAL_NULL_CONVERSION = YES;
				CLANG_WARN_OBJC_IMPLICIT_RETAIN_SELF = YES;
				CLANG_WARN_OBJC_LITERAL_CONVERSION = YES;
				CLANG_WARN_OBJC_ROOT_CLASS = YES_ERROR;
				CLANG_WARN_RANGE_LOOP_ANALYSIS = YES;
				CLANG_WARN_STRICT_PROTOTYPES = YES;
				CLANG_WARN_SUSPICIOUS_MOVE = YES;
				CLANG_WARN_UNGUARDED_AVAILABILITY = YES_AGGRESSIVE;
				CLANG_WARN_UNREACHABLE_CODE = YES;
				CLANG_WARN__DUPLICATE_METHOD_MATCH = YES;
				CODE_SIGN_IDENTITY = "iPhone Developer";
				COPY_PHASE_STRIP = NO;
				DEBUG_INFORMATION_FORMAT = "dwarf-with-dsym";
				ENABLE_NS_ASSERTIONS = NO;
				ENABLE_STRICT_OBJC_MSGSEND = YES;
				GCC_C_LANGUAGE_STANDARD = gnu11;
				GCC_NO_COMMON_BLOCKS = YES;
				GCC_WARN_64_TO_32_BIT_CONVERSION = YES;
				GCC_WARN_ABOUT_RETURN_TYPE = YES_ERROR;
				GCC_WARN_UNDECLARED_SELECTOR = YES;
				GCC_WARN_UNINITIALIZED_AUTOS = YES_AGGRESSIVE;
				GCC_WARN_UNUSED_FUNCTION = YES;
				GCC_WARN_UNUSED_VARIABLE = YES;
				IPHONEOS_DEPLOYMENT_TARGET = 12.4;
				MTL_ENABLE_DEBUG_INFO = NO;
				MTL_FAST_MATH = YES;
				SDKROOT = iphoneos;
				SWIFT_COMPILATION_MODE = wholemodule;
				SWIFT_OPTIMIZATION_LEVEL = "-O";
				VALIDATE_PRODUCT = YES;
			};
			name = Release;
		};
		F2E9DBB123151DDB008F18DF /* Debug */ = {
			isa = XCBuildConfiguration;
			buildSettings = {
				ASSETCATALOG_COMPILER_APPICON_NAME = AppIcon;
				CODE_SIGN_STYLE = Automatic;
				DEVELOPMENT_TEAM = QDZ72V563C;
				INFOPLIST_FILE = Tetris/Info.plist;
				LD_RUNPATH_SEARCH_PATHS = (
					"$(inherited)",
					"@executable_path/Frameworks",
				);
				PRODUCT_BUNDLE_IDENTIFIER = org.lindelin.Tetris;
				PRODUCT_NAME = "$(TARGET_NAME)";
				SWIFT_VERSION = 5.0;
				TARGETED_DEVICE_FAMILY = 1;
			};
			name = Debug;
		};
		F2E9DBB223151DDB008F18DF /* Release */ = {
			isa = XCBuildConfiguration;
			buildSettings = {
				ASSETCATALOG_COMPILER_APPICON_NAME = AppIcon;
				CODE_SIGN_STYLE = Automatic;
				DEVELOPMENT_TEAM = QDZ72V563C;
				INFOPLIST_FILE = Tetris/Info.plist;
				LD_RUNPATH_SEARCH_PATHS = (
					"$(inherited)",
					"@executable_path/Frameworks",
				);
				PRODUCT_BUNDLE_IDENTIFIER = org.lindelin.Tetris;
				PRODUCT_NAME = "$(TARGET_NAME)";
				SWIFT_VERSION = 5.0;
				TARGETED_DEVICE_FAMILY = 1;
			};
			name = Release;
		};
/* End XCBuildConfiguration section */

/* Begin XCConfigurationList section */
		F2E9DB9323151DD7008F18DF /* Build configuration list for PBXProject "Tetris" */ = {
			isa = XCConfigurationList;
			buildConfigurations = (
				F2E9DBAE23151DDB008F18DF /* Debug */,
				F2E9DBAF23151DDB008F18DF /* Release */,
			);
			defaultConfigurationIsVisible = 0;
			defaultConfigurationName = Release;
		};
		F2E9DBB023151DDB008F18DF /* Build configuration list for PBXNativeTarget "Tetris" */ = {
			isa = XCConfigurationList;
			buildConfigurations = (
				F2E9DBB123151DDB008F18DF /* Debug */,
				F2E9DBB223151DDB008F18DF /* Release */,
			);
			defaultConfigurationIsVisible = 0;
			defaultConfigurationName = Release;
		};
/* End XCConfigurationList section */
	};
	rootObject = F2E9DB9023151DD7008F18DF /* Project object */;
}
